// !$*UTF8*$!
{
	archiveVersion = 1;
	classes = {
	};
	objectVersion = 55;
	objects = {

/* Begin PBXBuildFile section */
		2D02954027D71BD400E2E8C0 /* PlaceMapAnnotation.swift in Sources */ = {isa = PBXBuildFile; fileRef = 2D02953F27D71BD400E2E8C0 /* PlaceMapAnnotation.swift */; };
		2D02954227D7EE5F00E2E8C0 /* EmptyTableViewCell.swift in Sources */ = {isa = PBXBuildFile; fileRef = 2D02954127D7EE5F00E2E8C0 /* EmptyTableViewCell.swift */; };
		2D02954627D822C500E2E8C0 /* SettingsTableViewCell.swift in Sources */ = {isa = PBXBuildFile; fileRef = 2D02954527D822C500E2E8C0 /* SettingsTableViewCell.swift */; };
		2D02954827D828B800E2E8C0 /* Settings.swift in Sources */ = {isa = PBXBuildFile; fileRef = 2D02954727D828B800E2E8C0 /* Settings.swift */; };
		2D47594927D108A700333474 /* SettingsViewController.swift in Sources */ = {isa = PBXBuildFile; fileRef = 2D47594827D108A700333474 /* SettingsViewController.swift */; };
		2D47594B27D109C000333474 /* HomeViewController.swift in Sources */ = {isa = PBXBuildFile; fileRef = 2D47594A27D109C000333474 /* HomeViewController.swift */; };
		2D47594D27D10F5F00333474 /* UserViewModel.swift in Sources */ = {isa = PBXBuildFile; fileRef = 2D47594C27D10F5F00333474 /* UserViewModel.swift */; };
		2D47594F27D1354700333474 /* Place.swift in Sources */ = {isa = PBXBuildFile; fileRef = 2D47594E27D1354700333474 /* Place.swift */; };
		2D47595127D167F300333474 /* PlaceViewModel.swift in Sources */ = {isa = PBXBuildFile; fileRef = 2D47595027D167F300333474 /* PlaceViewModel.swift */; };
		2D47595327D23BF300333474 /* PlacesTableViewCell.swift in Sources */ = {isa = PBXBuildFile; fileRef = 2D47595227D23BF300333474 /* PlacesTableViewCell.swift */; };
		2D47595727D2689E00333474 /* PlaceDetailViewController.swift in Sources */ = {isa = PBXBuildFile; fileRef = 2D47595627D2689E00333474 /* PlaceDetailViewController.swift */; };
		2D47595927D3BEC300333474 /* TitleAndSubtitleView.swift in Sources */ = {isa = PBXBuildFile; fileRef = 2D47595827D3BEC300333474 /* TitleAndSubtitleView.swift */; };
		2D47595D27D6CF6E00333474 /* MapViewController.swift in Sources */ = {isa = PBXBuildFile; fileRef = 2D47595C27D6CF6E00333474 /* MapViewController.swift */; };
		2D47595F27D6CFEC00333474 /* ListViewController.swift in Sources */ = {isa = PBXBuildFile; fileRef = 2D47595E27D6CFEC00333474 /* ListViewController.swift */; };
		2D4D04D627D8358B00F3FAFE /* SettingsViewModel.swift in Sources */ = {isa = PBXBuildFile; fileRef = 2D4D04D527D8358B00F3FAFE /* SettingsViewModel.swift */; };
		2D4D04D927D840C600F3FAFE /* SignOutViewController.swift in Sources */ = {isa = PBXBuildFile; fileRef = 2D4D04D827D840C600F3FAFE /* SignOutViewController.swift */; };
		2D635C4627D01A570048D75E /* GoogleService-Info.plist in Resources */ = {isa = PBXBuildFile; fileRef = 2D635C4527D01A570048D75E /* GoogleService-Info.plist */; };
		2D635C4827D01F830048D75E /* User.swift in Sources */ = {isa = PBXBuildFile; fileRef = 2D635C4727D01F820048D75E /* User.swift */; };
		2D635C4A27D020CA0048D75E /* DatabaseManager.swift in Sources */ = {isa = PBXBuildFile; fileRef = 2D635C4927D020CA0048D75E /* DatabaseManager.swift */; };
		2D635C4C27D02A9E0048D75E /* MainTabBarController.swift in Sources */ = {isa = PBXBuildFile; fileRef = 2D635C4B27D02A9E0048D75E /* MainTabBarController.swift */; };
		2DF1C3D627C913A400D665AB /* AppDelegate.swift in Sources */ = {isa = PBXBuildFile; fileRef = 2DF1C3D527C913A400D665AB /* AppDelegate.swift */; };
		2DF1C3D827C913A400D665AB /* SceneDelegate.swift in Sources */ = {isa = PBXBuildFile; fileRef = 2DF1C3D727C913A400D665AB /* SceneDelegate.swift */; };
		2DF1C3DA27C913A400D665AB /* SignInViewController.swift in Sources */ = {isa = PBXBuildFile; fileRef = 2DF1C3D927C913A400D665AB /* SignInViewController.swift */; };
		2DF1C3DF27C913A600D665AB /* Assets.xcassets in Resources */ = {isa = PBXBuildFile; fileRef = 2DF1C3DE27C913A600D665AB /* Assets.xcassets */; };
		2DF1C3E227C913A600D665AB /* LaunchScreen.storyboard in Resources */ = {isa = PBXBuildFile; fileRef = 2DF1C3E027C913A600D665AB /* LaunchScreen.storyboard */; };
		2DF1C3F727CA249900D665AB /* Slide.swift in Sources */ = {isa = PBXBuildFile; fileRef = 2DF1C3F627CA249900D665AB /* Slide.swift */; };
		2DF1C3F927CA254000D665AB /* SlideViewModel.swift in Sources */ = {isa = PBXBuildFile; fileRef = 2DF1C3F827CA254000D665AB /* SlideViewModel.swift */; };
		2DF1C3FB27CA255900D665AB /* OnboardingViewController.swift in Sources */ = {isa = PBXBuildFile; fileRef = 2DF1C3FA27CA255900D665AB /* OnboardingViewController.swift */; };
		2DF1C3FD27CA2E5C00D665AB /* OnboardingCollectionViewCell.swift in Sources */ = {isa = PBXBuildFile; fileRef = 2DF1C3FC27CA2E5C00D665AB /* OnboardingCollectionViewCell.swift */; };
		2DF1C40327CA93E500D665AB /* Extensions.swift in Sources */ = {isa = PBXBuildFile; fileRef = 2DF1C40227CA93E500D665AB /* Extensions.swift */; };
		2DF1C40627CA956200D665AB /* mapa.json in Resources */ = {isa = PBXBuildFile; fileRef = 2DF1C40427CA956200D665AB /* mapa.json */; };
		2DF1C40727CA956200D665AB /* travelling-icon-animation.json in Resources */ = {isa = PBXBuildFile; fileRef = 2DF1C40527CA956200D665AB /* travelling-icon-animation.json */; };
		2DF1C40927CA966100D665AB /* box-empty.json in Resources */ = {isa = PBXBuildFile; fileRef = 2DF1C40827CA966100D665AB /* box-empty.json */; };
		2DF1C40C27CBDB4800D665AB /* LoginTextFieldView.swift in Sources */ = {isa = PBXBuildFile; fileRef = 2DF1C40B27CBDB4800D665AB /* LoginTextFieldView.swift */; };
		2DF1C40E27CD0F9F00D665AB /* SignUpViewController.swift in Sources */ = {isa = PBXBuildFile; fileRef = 2DF1C40D27CD0F9F00D665AB /* SignUpViewController.swift */; };
		2DF1C41227CD139400D665AB /* PersistanceManager.swift in Sources */ = {isa = PBXBuildFile; fileRef = 2DF1C41127CD139400D665AB /* PersistanceManager.swift */; };
		2DF1C41427CD2F1B00D665AB /* AuthManager.swift in Sources */ = {isa = PBXBuildFile; fileRef = 2DF1C41327CD2F1B00D665AB /* AuthManager.swift */; };
		5B8E4D639F51AF1123DBE444 /* Pods_Geo.framework in Frameworks */ = {isa = PBXBuildFile; fileRef = 01C2A344DC4CA0A98AEDBEEB /* Pods_Geo.framework */; };
/* End PBXBuildFile section */

/* Begin PBXFileReference section */
		01C2A344DC4CA0A98AEDBEEB /* Pods_Geo.framework */ = {isa = PBXFileReference; explicitFileType = wrapper.framework; includeInIndex = 0; path = Pods_Geo.framework; sourceTree = BUILT_PRODUCTS_DIR; };
		2D02953F27D71BD400E2E8C0 /* PlaceMapAnnotation.swift */ = {isa = PBXFileReference; lastKnownFileType = sourcecode.swift; path = PlaceMapAnnotation.swift; sourceTree = "<group>"; };
		2D02954127D7EE5F00E2E8C0 /* EmptyTableViewCell.swift */ = {isa = PBXFileReference; lastKnownFileType = sourcecode.swift; path = EmptyTableViewCell.swift; sourceTree = "<group>"; };
		2D02954527D822C500E2E8C0 /* SettingsTableViewCell.swift */ = {isa = PBXFileReference; lastKnownFileType = sourcecode.swift; path = SettingsTableViewCell.swift; sourceTree = "<group>"; };
		2D02954727D828B800E2E8C0 /* Settings.swift */ = {isa = PBXFileReference; lastKnownFileType = sourcecode.swift; path = Settings.swift; sourceTree = "<group>"; };
		2D47594827D108A700333474 /* SettingsViewController.swift */ = {isa = PBXFileReference; lastKnownFileType = sourcecode.swift; path = SettingsViewController.swift; sourceTree = "<group>"; };
		2D47594A27D109C000333474 /* HomeViewController.swift */ = {isa = PBXFileReference; lastKnownFileType = sourcecode.swift; path = HomeViewController.swift; sourceTree = "<group>"; };
		2D47594C27D10F5F00333474 /* UserViewModel.swift */ = {isa = PBXFileReference; lastKnownFileType = sourcecode.swift; path = UserViewModel.swift; sourceTree = "<group>"; };
		2D47594E27D1354700333474 /* Place.swift */ = {isa = PBXFileReference; lastKnownFileType = sourcecode.swift; path = Place.swift; sourceTree = "<group>"; };
		2D47595027D167F300333474 /* PlaceViewModel.swift */ = {isa = PBXFileReference; lastKnownFileType = sourcecode.swift; path = PlaceViewModel.swift; sourceTree = "<group>"; };
		2D47595227D23BF300333474 /* PlacesTableViewCell.swift */ = {isa = PBXFileReference; lastKnownFileType = sourcecode.swift; path = PlacesTableViewCell.swift; sourceTree = "<group>"; };
		2D47595627D2689E00333474 /* PlaceDetailViewController.swift */ = {isa = PBXFileReference; lastKnownFileType = sourcecode.swift; path = PlaceDetailViewController.swift; sourceTree = "<group>"; };
		2D47595827D3BEC300333474 /* TitleAndSubtitleView.swift */ = {isa = PBXFileReference; lastKnownFileType = sourcecode.swift; path = TitleAndSubtitleView.swift; sourceTree = "<group>"; };
		2D47595C27D6CF6E00333474 /* MapViewController.swift */ = {isa = PBXFileReference; lastKnownFileType = sourcecode.swift; path = MapViewController.swift; sourceTree = "<group>"; };
		2D47595E27D6CFEC00333474 /* ListViewController.swift */ = {isa = PBXFileReference; lastKnownFileType = sourcecode.swift; path = ListViewController.swift; sourceTree = "<group>"; };
		2D4D04D527D8358B00F3FAFE /* SettingsViewModel.swift */ = {isa = PBXFileReference; lastKnownFileType = sourcecode.swift; path = SettingsViewModel.swift; sourceTree = "<group>"; };
		2D4D04D827D840C600F3FAFE /* SignOutViewController.swift */ = {isa = PBXFileReference; lastKnownFileType = sourcecode.swift; path = SignOutViewController.swift; sourceTree = "<group>"; };
		2D635C4527D01A570048D75E /* GoogleService-Info.plist */ = {isa = PBXFileReference; fileEncoding = 4; lastKnownFileType = text.plist.xml; path = "GoogleService-Info.plist"; sourceTree = "<group>"; };
		2D635C4727D01F820048D75E /* User.swift */ = {isa = PBXFileReference; lastKnownFileType = sourcecode.swift; path = User.swift; sourceTree = "<group>"; };
		2D635C4927D020CA0048D75E /* DatabaseManager.swift */ = {isa = PBXFileReference; lastKnownFileType = sourcecode.swift; path = DatabaseManager.swift; sourceTree = "<group>"; };
		2D635C4B27D02A9E0048D75E /* MainTabBarController.swift */ = {isa = PBXFileReference; lastKnownFileType = sourcecode.swift; path = MainTabBarController.swift; sourceTree = "<group>"; };
		2DF1C3D227C913A400D665AB /* Geo.app */ = {isa = PBXFileReference; explicitFileType = wrapper.application; includeInIndex = 0; path = Geo.app; sourceTree = BUILT_PRODUCTS_DIR; };
		2DF1C3D527C913A400D665AB /* AppDelegate.swift */ = {isa = PBXFileReference; lastKnownFileType = sourcecode.swift; path = AppDelegate.swift; sourceTree = "<group>"; };
		2DF1C3D727C913A400D665AB /* SceneDelegate.swift */ = {isa = PBXFileReference; lastKnownFileType = sourcecode.swift; path = SceneDelegate.swift; sourceTree = "<group>"; };
		2DF1C3D927C913A400D665AB /* SignInViewController.swift */ = {isa = PBXFileReference; lastKnownFileType = sourcecode.swift; path = SignInViewController.swift; sourceTree = "<group>"; };
		2DF1C3DE27C913A600D665AB /* Assets.xcassets */ = {isa = PBXFileReference; lastKnownFileType = folder.assetcatalog; path = Assets.xcassets; sourceTree = "<group>"; };
		2DF1C3E127C913A600D665AB /* Base */ = {isa = PBXFileReference; lastKnownFileType = file.storyboard; name = Base; path = Base.lproj/LaunchScreen.storyboard; sourceTree = "<group>"; };
		2DF1C3E327C913A600D665AB /* Info.plist */ = {isa = PBXFileReference; lastKnownFileType = text.plist.xml; path = Info.plist; sourceTree = "<group>"; };
		2DF1C3F627CA249900D665AB /* Slide.swift */ = {isa = PBXFileReference; lastKnownFileType = sourcecode.swift; path = Slide.swift; sourceTree = "<group>"; };
		2DF1C3F827CA254000D665AB /* SlideViewModel.swift */ = {isa = PBXFileReference; lastKnownFileType = sourcecode.swift; path = SlideViewModel.swift; sourceTree = "<group>"; };
		2DF1C3FA27CA255900D665AB /* OnboardingViewController.swift */ = {isa = PBXFileReference; lastKnownFileType = sourcecode.swift; path = OnboardingViewController.swift; sourceTree = "<group>"; };
		2DF1C3FC27CA2E5C00D665AB /* OnboardingCollectionViewCell.swift */ = {isa = PBXFileReference; lastKnownFileType = sourcecode.swift; path = OnboardingCollectionViewCell.swift; sourceTree = "<group>"; };
		2DF1C40227CA93E500D665AB /* Extensions.swift */ = {isa = PBXFileReference; lastKnownFileType = sourcecode.swift; path = Extensions.swift; sourceTree = "<group>"; };
		2DF1C40427CA956200D665AB /* mapa.json */ = {isa = PBXFileReference; fileEncoding = 4; lastKnownFileType = text.json; path = mapa.json; sourceTree = "<group>"; };
		2DF1C40527CA956200D665AB /* travelling-icon-animation.json */ = {isa = PBXFileReference; fileEncoding = 4; lastKnownFileType = text.json; path = "travelling-icon-animation.json"; sourceTree = "<group>"; };
		2DF1C40827CA966100D665AB /* box-empty.json */ = {isa = PBXFileReference; fileEncoding = 4; lastKnownFileType = text.json; path = "box-empty.json"; sourceTree = "<group>"; };
		2DF1C40B27CBDB4800D665AB /* LoginTextFieldView.swift */ = {isa = PBXFileReference; lastKnownFileType = sourcecode.swift; path = LoginTextFieldView.swift; sourceTree = "<group>"; };
		2DF1C40D27CD0F9F00D665AB /* SignUpViewController.swift */ = {isa = PBXFileReference; lastKnownFileType = sourcecode.swift; path = SignUpViewController.swift; sourceTree = "<group>"; };
		2DF1C41127CD139400D665AB /* PersistanceManager.swift */ = {isa = PBXFileReference; lastKnownFileType = sourcecode.swift; path = PersistanceManager.swift; sourceTree = "<group>"; };
		2DF1C41327CD2F1B00D665AB /* AuthManager.swift */ = {isa = PBXFileReference; lastKnownFileType = sourcecode.swift; path = AuthManager.swift; sourceTree = "<group>"; };
		5199658F509CC1319465F7E5 /* Pods-Geo.debug.xcconfig */ = {isa = PBXFileReference; includeInIndex = 1; lastKnownFileType = text.xcconfig; name = "Pods-Geo.debug.xcconfig"; path = "Target Support Files/Pods-Geo/Pods-Geo.debug.xcconfig"; sourceTree = "<group>"; };
		88B2C63C7BD5DE4DBFE1EA42 /* Pods-Geo.release.xcconfig */ = {isa = PBXFileReference; includeInIndex = 1; lastKnownFileType = text.xcconfig; name = "Pods-Geo.release.xcconfig"; path = "Target Support Files/Pods-Geo/Pods-Geo.release.xcconfig"; sourceTree = "<group>"; };
/* End PBXFileReference section */

/* Begin PBXFrameworksBuildPhase section */
		2DF1C3CF27C913A400D665AB /* Frameworks */ = {
			isa = PBXFrameworksBuildPhase;
			buildActionMask = 2147483647;
			files = (
				5B8E4D639F51AF1123DBE444 /* Pods_Geo.framework in Frameworks */,
			);
			runOnlyForDeploymentPostprocessing = 0;
		};
/* End PBXFrameworksBuildPhase section */

/* Begin PBXGroup section */
		2D4D04D727D840B200F3FAFE /* SettingsViewControllers */ = {
			isa = PBXGroup;
			children = (
				2D4D04D827D840C600F3FAFE /* SignOutViewController.swift */,
			);
			path = SettingsViewControllers;
			sourceTree = "<group>";
		};
		2DF1C3C927C913A400D665AB = {
			isa = PBXGroup;
			children = (
				2DF1C3D427C913A400D665AB /* Geo */,
				2DF1C3D327C913A400D665AB /* Products */,
				B154F0A2FDBBDA29AD85B37F /* Pods */,
				BE3A9A5F1D05CF70AF105B3F /* Frameworks */,
			);
			sourceTree = "<group>";
		};
		2DF1C3D327C913A400D665AB /* Products */ = {
			isa = PBXGroup;
			children = (
				2DF1C3D227C913A400D665AB /* Geo.app */,
			);
			name = Products;
			sourceTree = "<group>";
		};
		2DF1C3D427C913A400D665AB /* Geo */ = {
			isa = PBXGroup;
			children = (
				2DF1C3D527C913A400D665AB /* AppDelegate.swift */,
				2DF1C3D727C913A400D665AB /* SceneDelegate.swift */,
				2DF1C41027CD138B00D665AB /* Managers */,
				2DF1C3E927C9144D00D665AB /* ViewControllers */,
				2DF1C3ED27C914D100D665AB /* Views */,
				2DF1C3EB27C9149F00D665AB /* ViewModels */,
				2DF1C3EA27C9149A00D665AB /* Models */,
				2DF1C3EF27C914F600D665AB /* Others */,
				2DF1C3EC27C914A300D665AB /* Extensions */,
			);
			path = Geo;
			sourceTree = "<group>";
		};
		2DF1C3E927C9144D00D665AB /* ViewControllers */ = {
			isa = PBXGroup;
			children = (
				2D635C4B27D02A9E0048D75E /* MainTabBarController.swift */,
				2D47594A27D109C000333474 /* HomeViewController.swift */,
				2D47595C27D6CF6E00333474 /* MapViewController.swift */,
				2D47595E27D6CFEC00333474 /* ListViewController.swift */,
				2D47594827D108A700333474 /* SettingsViewController.swift */,
				2D4D04D727D840B200F3FAFE /* SettingsViewControllers */,
				2D47595627D2689E00333474 /* PlaceDetailViewController.swift */,
				2DF1C40127CA913E00D665AB /* Login */,
				2DF1C3F127CA219700D665AB /* Onboarding */,
			);
			path = ViewControllers;
			sourceTree = "<group>";
		};
		2DF1C3EA27C9149A00D665AB /* Models */ = {
			isa = PBXGroup;
			children = (
				2DF1C3F627CA249900D665AB /* Slide.swift */,
				2D635C4727D01F820048D75E /* User.swift */,
				2D47594E27D1354700333474 /* Place.swift */,
				2D02954727D828B800E2E8C0 /* Settings.swift */,
			);
			path = Models;
			sourceTree = "<group>";
		};
		2DF1C3EB27C9149F00D665AB /* ViewModels */ = {
			isa = PBXGroup;
			children = (
				2DF1C3F827CA254000D665AB /* SlideViewModel.swift */,
				2D47594C27D10F5F00333474 /* UserViewModel.swift */,
				2D47595027D167F300333474 /* PlaceViewModel.swift */,
				2D4D04D527D8358B00F3FAFE /* SettingsViewModel.swift */,
			);
			path = ViewModels;
			sourceTree = "<group>";
		};
		2DF1C3EC27C914A300D665AB /* Extensions */ = {
			isa = PBXGroup;
			children = (
				2DF1C40227CA93E500D665AB /* Extensions.swift */,
			);
			path = Extensions;
			sourceTree = "<group>";
		};
		2DF1C3ED27C914D100D665AB /* Views */ = {
			isa = PBXGroup;
			children = (
				2DF1C40A27CBDB3D00D665AB /* Cells */,
				2DF1C3E027C913A600D665AB /* LaunchScreen.storyboard */,
				2DF1C40B27CBDB4800D665AB /* LoginTextFieldView.swift */,
				2D47595827D3BEC300333474 /* TitleAndSubtitleView.swift */,
				2D02953F27D71BD400E2E8C0 /* PlaceMapAnnotation.swift */,
			);
			path = Views;
			sourceTree = "<group>";
		};
		2DF1C3EF27C914F600D665AB /* Others */ = {
			isa = PBXGroup;
			children = (
				2D635C4527D01A570048D75E /* GoogleService-Info.plist */,
				2DF1C3FE27CA481E00D665AB /* LottieAnimations */,
				2DF1C3DE27C913A600D665AB /* Assets.xcassets */,
				2DF1C3E327C913A600D665AB /* Info.plist */,
			);
			name = Others;
			sourceTree = "<group>";
		};
		2DF1C3F127CA219700D665AB /* Onboarding */ = {
			isa = PBXGroup;
			children = (
				2DF1C3FA27CA255900D665AB /* OnboardingViewController.swift */,
			);
			path = Onboarding;
			sourceTree = "<group>";
		};
		2DF1C3FE27CA481E00D665AB /* LottieAnimations */ = {
			isa = PBXGroup;
			children = (
				2DF1C40827CA966100D665AB /* box-empty.json */,
				2DF1C40427CA956200D665AB /* mapa.json */,
				2DF1C40527CA956200D665AB /* travelling-icon-animation.json */,
			);
			name = LottieAnimations;
			sourceTree = "<group>";
		};
		2DF1C40127CA913E00D665AB /* Login */ = {
			isa = PBXGroup;
			children = (
				2DF1C3D927C913A400D665AB /* SignInViewController.swift */,
				2DF1C40D27CD0F9F00D665AB /* SignUpViewController.swift */,
			);
			path = Login;
			sourceTree = "<group>";
		};
		2DF1C40A27CBDB3D00D665AB /* Cells */ = {
			isa = PBXGroup;
			children = (
				2DF1C3FC27CA2E5C00D665AB /* OnboardingCollectionViewCell.swift */,
				2D47595227D23BF300333474 /* PlacesTableViewCell.swift */,
				2D02954127D7EE5F00E2E8C0 /* EmptyTableViewCell.swift */,
				2D02954527D822C500E2E8C0 /* SettingsTableViewCell.swift */,
			);
			path = Cells;
			sourceTree = "<group>";
		};
		2DF1C41027CD138B00D665AB /* Managers */ = {
			isa = PBXGroup;
			children = (
				2DF1C41127CD139400D665AB /* PersistanceManager.swift */,
				2DF1C41327CD2F1B00D665AB /* AuthManager.swift */,
				2D635C4927D020CA0048D75E /* DatabaseManager.swift */,
			);
			path = Managers;
			sourceTree = "<group>";
		};
		B154F0A2FDBBDA29AD85B37F /* Pods */ = {
			isa = PBXGroup;
			children = (
				5199658F509CC1319465F7E5 /* Pods-Geo.debug.xcconfig */,
				88B2C63C7BD5DE4DBFE1EA42 /* Pods-Geo.release.xcconfig */,
			);
			path = Pods;
			sourceTree = "<group>";
		};
		BE3A9A5F1D05CF70AF105B3F /* Frameworks */ = {
			isa = PBXGroup;
			children = (
				01C2A344DC4CA0A98AEDBEEB /* Pods_Geo.framework */,
			);
			name = Frameworks;
			sourceTree = "<group>";
		};
/* End PBXGroup section */

/* Begin PBXNativeTarget section */
		2DF1C3D127C913A400D665AB /* Geo */ = {
			isa = PBXNativeTarget;
			buildConfigurationList = 2DF1C3E627C913A600D665AB /* Build configuration list for PBXNativeTarget "Geo" */;
			buildPhases = (
				8F267AA5CE7C5CC2C59D67D2 /* [CP] Check Pods Manifest.lock */,
				2DF1C3CE27C913A400D665AB /* Sources */,
				2DF1C3CF27C913A400D665AB /* Frameworks */,
				2DF1C3D027C913A400D665AB /* Resources */,
				6B6A71201BCD722ED9AC2E45 /* [CP] Embed Pods Frameworks */,
			);
			buildRules = (
			);
			dependencies = (
			);
			name = Geo;
			productName = Geo;
			productReference = 2DF1C3D227C913A400D665AB /* Geo.app */;
			productType = "com.apple.product-type.application";
		};
/* End PBXNativeTarget section */

/* Begin PBXProject section */
		2DF1C3CA27C913A400D665AB /* Project object */ = {
			isa = PBXProject;
			attributes = {
				BuildIndependentTargetsInParallel = 1;
				LastSwiftUpdateCheck = 1320;
				LastUpgradeCheck = 1320;
				TargetAttributes = {
					2DF1C3D127C913A400D665AB = {
						CreatedOnToolsVersion = 13.2.1;
					};
				};
			};
			buildConfigurationList = 2DF1C3CD27C913A400D665AB /* Build configuration list for PBXProject "Geo" */;
			compatibilityVersion = "Xcode 13.0";
			developmentRegion = en;
			hasScannedForEncodings = 0;
			knownRegions = (
				en,
				Base,
			);
			mainGroup = 2DF1C3C927C913A400D665AB;
			productRefGroup = 2DF1C3D327C913A400D665AB /* Products */;
			projectDirPath = "";
			projectRoot = "";
			targets = (
				2DF1C3D127C913A400D665AB /* Geo */,
			);
		};
/* End PBXProject section */

/* Begin PBXResourcesBuildPhase section */
		2DF1C3D027C913A400D665AB /* Resources */ = {
			isa = PBXResourcesBuildPhase;
			buildActionMask = 2147483647;
			files = (
				2DF1C40627CA956200D665AB /* mapa.json in Resources */,
				2DF1C40927CA966100D665AB /* box-empty.json in Resources */,
				2DF1C3E227C913A600D665AB /* LaunchScreen.storyboard in Resources */,
				2DF1C40727CA956200D665AB /* travelling-icon-animation.json in Resources */,
				2DF1C3DF27C913A600D665AB /* Assets.xcassets in Resources */,
				2D635C4627D01A570048D75E /* GoogleService-Info.plist in Resources */,
			);
			runOnlyForDeploymentPostprocessing = 0;
		};
/* End PBXResourcesBuildPhase section */

/* Begin PBXShellScriptBuildPhase section */
		6B6A71201BCD722ED9AC2E45 /* [CP] Embed Pods Frameworks */ = {
			isa = PBXShellScriptBuildPhase;
			buildActionMask = 2147483647;
			files = (
			);
			inputFileListPaths = (
				"${PODS_ROOT}/Target Support Files/Pods-Geo/Pods-Geo-frameworks-${CONFIGURATION}-input-files.xcfilelist",
			);
			name = "[CP] Embed Pods Frameworks";
			outputFileListPaths = (
				"${PODS_ROOT}/Target Support Files/Pods-Geo/Pods-Geo-frameworks-${CONFIGURATION}-output-files.xcfilelist",
			);
			runOnlyForDeploymentPostprocessing = 0;
			shellPath = /bin/sh;
			shellScript = "\"${PODS_ROOT}/Target Support Files/Pods-Geo/Pods-Geo-frameworks.sh\"\n";
			showEnvVarsInLog = 0;
		};
		8F267AA5CE7C5CC2C59D67D2 /* [CP] Check Pods Manifest.lock */ = {
			isa = PBXShellScriptBuildPhase;
			buildActionMask = 2147483647;
			files = (
			);
			inputFileListPaths = (
			);
			inputPaths = (
				"${PODS_PODFILE_DIR_PATH}/Podfile.lock",
				"${PODS_ROOT}/Manifest.lock",
			);
			name = "[CP] Check Pods Manifest.lock";
			outputFileListPaths = (
			);
			outputPaths = (
				"$(DERIVED_FILE_DIR)/Pods-Geo-checkManifestLockResult.txt",
			);
			runOnlyForDeploymentPostprocessing = 0;
			shellPath = /bin/sh;
			shellScript = "diff \"${PODS_PODFILE_DIR_PATH}/Podfile.lock\" \"${PODS_ROOT}/Manifest.lock\" > /dev/null\nif [ $? != 0 ] ; then\n    # print error to STDERR\n    echo \"error: The sandbox is not in sync with the Podfile.lock. Run 'pod install' or update your CocoaPods installation.\" >&2\n    exit 1\nfi\n# This output is used by Xcode 'outputs' to avoid re-running this script phase.\necho \"SUCCESS\" > \"${SCRIPT_OUTPUT_FILE_0}\"\n";
			showEnvVarsInLog = 0;
		};
/* End PBXShellScriptBuildPhase section */

/* Begin PBXSourcesBuildPhase section */
		2DF1C3CE27C913A400D665AB /* Sources */ = {
			isa = PBXSourcesBuildPhase;
			buildActionMask = 2147483647;
			files = (
				2D02954827D828B800E2E8C0 /* Settings.swift in Sources */,
				2D635C4827D01F830048D75E /* User.swift in Sources */,
				2D47594F27D1354700333474 /* Place.swift in Sources */,
				2D02954227D7EE5F00E2E8C0 /* EmptyTableViewCell.swift in Sources */,
				2D47595327D23BF300333474 /* PlacesTableViewCell.swift in Sources */,
				2D4D04D627D8358B00F3FAFE /* SettingsViewModel.swift in Sources */,
				2DF1C41227CD139400D665AB /* PersistanceManager.swift in Sources */,
				2DF1C41427CD2F1B00D665AB /* AuthManager.swift in Sources */,
				2D47595727D2689E00333474 /* PlaceDetailViewController.swift in Sources */,
				2D47594B27D109C000333474 /* HomeViewController.swift in Sources */,
				2DF1C40C27CBDB4800D665AB /* LoginTextFieldView.swift in Sources */,
				2D47595D27D6CF6E00333474 /* MapViewController.swift in Sources */,
				2DF1C3F927CA254000D665AB /* SlideViewModel.swift in Sources */,
				2DF1C3FB27CA255900D665AB /* OnboardingViewController.swift in Sources */,
				2D47594D27D10F5F00333474 /* UserViewModel.swift in Sources */,
				2D635C4A27D020CA0048D75E /* DatabaseManager.swift in Sources */,
				2DF1C3DA27C913A400D665AB /* SignInViewController.swift in Sources */,
				2D02954627D822C500E2E8C0 /* SettingsTableViewCell.swift in Sources */,
				2DF1C40E27CD0F9F00D665AB /* SignUpViewController.swift in Sources */,
				2D4D04D927D840C600F3FAFE /* SignOutViewController.swift in Sources */,
				2D635C4C27D02A9E0048D75E /* MainTabBarController.swift in Sources */,
				2D47595927D3BEC300333474 /* TitleAndSubtitleView.swift in Sources */,
				2DF1C3D627C913A400D665AB /* AppDelegate.swift in Sources */,
				2DF1C40327CA93E500D665AB /* Extensions.swift in Sources */,
				2DF1C3D827C913A400D665AB /* SceneDelegate.swift in Sources */,
				2D47595127D167F300333474 /* PlaceViewModel.swift in Sources */,
				2D47594927D108A700333474 /* SettingsViewController.swift in Sources */,
				2DF1C3FD27CA2E5C00D665AB /* OnboardingCollectionViewCell.swift in Sources */,
				2D47595F27D6CFEC00333474 /* ListViewController.swift in Sources */,
				2D02954027D71BD400E2E8C0 /* PlaceMapAnnotation.swift in Sources */,
				2DF1C3F727CA249900D665AB /* Slide.swift in Sources */,
			);
			runOnlyForDeploymentPostprocessing = 0;
		};
/* End PBXSourcesBuildPhase section */

/* Begin PBXVariantGroup section */
		2DF1C3E027C913A600D665AB /* LaunchScreen.storyboard */ = {
			isa = PBXVariantGroup;
			children = (
				2DF1C3E127C913A600D665AB /* Base */,
			);
			name = LaunchScreen.storyboard;
			sourceTree = "<group>";
		};
/* End PBXVariantGroup section */

/* Begin XCBuildConfiguration section */
		2DF1C3E427C913A600D665AB /* Debug */ = {
			isa = XCBuildConfiguration;
			buildSettings = {
				ALWAYS_SEARCH_USER_PATHS = NO;
				CLANG_ANALYZER_NONNULL = YES;
				CLANG_ANALYZER_NUMBER_OBJECT_CONVERSION = YES_AGGRESSIVE;
				CLANG_CXX_LANGUAGE_STANDARD = "gnu++17";
				CLANG_CXX_LIBRARY = "libc++";
				CLANG_ENABLE_MODULES = YES;
				CLANG_ENABLE_OBJC_ARC = YES;
				CLANG_ENABLE_OBJC_WEAK = YES;
				CLANG_WARN_BLOCK_CAPTURE_AUTORELEASING = YES;
				CLANG_WARN_BOOL_CONVERSION = YES;
				CLANG_WARN_COMMA = YES;
				CLANG_WARN_CONSTANT_CONVERSION = YES;
				CLANG_WARN_DEPRECATED_OBJC_IMPLEMENTATIONS = YES;
				CLANG_WARN_DIRECT_OBJC_ISA_USAGE = YES_ERROR;
				CLANG_WARN_DOCUMENTATION_COMMENTS = YES;
				CLANG_WARN_EMPTY_BODY = YES;
				CLANG_WARN_ENUM_CONVERSION = YES;
				CLANG_WARN_INFINITE_RECURSION = YES;
				CLANG_WARN_INT_CONVERSION = YES;
				CLANG_WARN_NON_LITERAL_NULL_CONVERSION = YES;
				CLANG_WARN_OBJC_IMPLICIT_RETAIN_SELF = YES;
				CLANG_WARN_OBJC_LITERAL_CONVERSION = YES;
				CLANG_WARN_OBJC_ROOT_CLASS = YES_ERROR;
				CLANG_WARN_QUOTED_INCLUDE_IN_FRAMEWORK_HEADER = YES;
				CLANG_WARN_RANGE_LOOP_ANALYSIS = YES;
				CLANG_WARN_STRICT_PROTOTYPES = YES;
				CLANG_WARN_SUSPICIOUS_MOVE = YES;
				CLANG_WARN_UNGUARDED_AVAILABILITY = YES_AGGRESSIVE;
				CLANG_WARN_UNREACHABLE_CODE = YES;
				CLANG_WARN__DUPLICATE_METHOD_MATCH = YES;
				COPY_PHASE_STRIP = NO;
				DEBUG_INFORMATION_FORMAT = dwarf;
				ENABLE_STRICT_OBJC_MSGSEND = YES;
				ENABLE_TESTABILITY = YES;
				GCC_C_LANGUAGE_STANDARD = gnu11;
				GCC_DYNAMIC_NO_PIC = NO;
				GCC_NO_COMMON_BLOCKS = YES;
				GCC_OPTIMIZATION_LEVEL = 0;
				GCC_PREPROCESSOR_DEFINITIONS = (
					"DEBUG=1",
					"$(inherited)",
				);
				GCC_WARN_64_TO_32_BIT_CONVERSION = YES;
				GCC_WARN_ABOUT_RETURN_TYPE = YES_ERROR;
				GCC_WARN_UNDECLARED_SELECTOR = YES;
				GCC_WARN_UNINITIALIZED_AUTOS = YES_AGGRESSIVE;
				GCC_WARN_UNUSED_FUNCTION = YES;
				GCC_WARN_UNUSED_VARIABLE = YES;
				IPHONEOS_DEPLOYMENT_TARGET = 15.2;
				MTL_ENABLE_DEBUG_INFO = INCLUDE_SOURCE;
				MTL_FAST_MATH = YES;
				ONLY_ACTIVE_ARCH = YES;
				SDKROOT = iphoneos;
				SWIFT_ACTIVE_COMPILATION_CONDITIONS = DEBUG;
				SWIFT_OPTIMIZATION_LEVEL = "-Onone";
			};
			name = Debug;
		};
		2DF1C3E527C913A600D665AB /* Release */ = {
			isa = XCBuildConfiguration;
			buildSettings = {
				ALWAYS_SEARCH_USER_PATHS = NO;
				CLANG_ANALYZER_NONNULL = YES;
				CLANG_ANALYZER_NUMBER_OBJECT_CONVERSION = YES_AGGRESSIVE;
				CLANG_CXX_LANGUAGE_STANDARD = "gnu++17";
				CLANG_CXX_LIBRARY = "libc++";
				CLANG_ENABLE_MODULES = YES;
				CLANG_ENABLE_OBJC_ARC = YES;
				CLANG_ENABLE_OBJC_WEAK = YES;
				CLANG_WARN_BLOCK_CAPTURE_AUTORELEASING = YES;
				CLANG_WARN_BOOL_CONVERSION = YES;
				CLANG_WARN_COMMA = YES;
				CLANG_WARN_CONSTANT_CONVERSION = YES;
				CLANG_WARN_DEPRECATED_OBJC_IMPLEMENTATIONS = YES;
				CLANG_WARN_DIRECT_OBJC_ISA_USAGE = YES_ERROR;
				CLANG_WARN_DOCUMENTATION_COMMENTS = YES;
				CLANG_WARN_EMPTY_BODY = YES;
				CLANG_WARN_ENUM_CONVERSION = YES;
				CLANG_WARN_INFINITE_RECURSION = YES;
				CLANG_WARN_INT_CONVERSION = YES;
				CLANG_WARN_NON_LITERAL_NULL_CONVERSION = YES;
				CLANG_WARN_OBJC_IMPLICIT_RETAIN_SELF = YES;
				CLANG_WARN_OBJC_LITERAL_CONVERSION = YES;
				CLANG_WARN_OBJC_ROOT_CLASS = YES_ERROR;
				CLANG_WARN_QUOTED_INCLUDE_IN_FRAMEWORK_HEADER = YES;
				CLANG_WARN_RANGE_LOOP_ANALYSIS = YES;
				CLANG_WARN_STRICT_PROTOTYPES = YES;
				CLANG_WARN_SUSPICIOUS_MOVE = YES;
				CLANG_WARN_UNGUARDED_AVAILABILITY = YES_AGGRESSIVE;
				CLANG_WARN_UNREACHABLE_CODE = YES;
				CLANG_WARN__DUPLICATE_METHOD_MATCH = YES;
				COPY_PHASE_STRIP = NO;
				DEBUG_INFORMATION_FORMAT = "dwarf-with-dsym";
				ENABLE_NS_ASSERTIONS = NO;
				ENABLE_STRICT_OBJC_MSGSEND = YES;
				GCC_C_LANGUAGE_STANDARD = gnu11;
				GCC_NO_COMMON_BLOCKS = YES;
				GCC_WARN_64_TO_32_BIT_CONVERSION = YES;
				GCC_WARN_ABOUT_RETURN_TYPE = YES_ERROR;
				GCC_WARN_UNDECLARED_SELECTOR = YES;
				GCC_WARN_UNINITIALIZED_AUTOS = YES_AGGRESSIVE;
				GCC_WARN_UNUSED_FUNCTION = YES;
				GCC_WARN_UNUSED_VARIABLE = YES;
				IPHONEOS_DEPLOYMENT_TARGET = 15.2;
				MTL_ENABLE_DEBUG_INFO = NO;
				MTL_FAST_MATH = YES;
				SDKROOT = iphoneos;
				SWIFT_COMPILATION_MODE = wholemodule;
				SWIFT_OPTIMIZATION_LEVEL = "-O";
				VALIDATE_PRODUCT = YES;
			};
			name = Release;
		};
		2DF1C3E727C913A600D665AB /* Debug */ = {
			isa = XCBuildConfiguration;
			baseConfigurationReference = 5199658F509CC1319465F7E5 /* Pods-Geo.debug.xcconfig */;
			buildSettings = {
				ASSETCATALOG_COMPILER_APPICON_NAME = AppIcon;
				ASSETCATALOG_COMPILER_GLOBAL_ACCENT_COLOR_NAME = AccentColor;
				CODE_SIGN_STYLE = Automatic;
				CURRENT_PROJECT_VERSION = 1;
				DEVELOPMENT_TEAM = FJ44S5F9W6;
				GENERATE_INFOPLIST_FILE = YES;
				INFOPLIST_FILE = Geo/Info.plist;
				INFOPLIST_KEY_UIApplicationSupportsIndirectInputEvents = YES;
				INFOPLIST_KEY_UILaunchStoryboardName = LaunchScreen;
				INFOPLIST_KEY_UISupportedInterfaceOrientations = UIInterfaceOrientationPortrait;
				INFOPLIST_KEY_UISupportedInterfaceOrientations_iPad = "UIInterfaceOrientationPortrait UIInterfaceOrientationPortraitUpsideDown UIInterfaceOrientationLandscapeLeft UIInterfaceOrientationLandscapeRight";
				INFOPLIST_KEY_UISupportedInterfaceOrientations_iPhone = "UIInterfaceOrientationPortrait UIInterfaceOrientationLandscapeLeft UIInterfaceOrientationLandscapeRight";
				LD_RUNPATH_SEARCH_PATHS = (
					"$(inherited)",
					"@executable_path/Frameworks",
				);
				MARKETING_VERSION = 1.0;
				PRODUCT_BUNDLE_IDENTIFIER = com.damiandu.Geo;
				PRODUCT_NAME = "$(TARGET_NAME)";
				SWIFT_EMIT_LOC_STRINGS = YES;
				SWIFT_VERSION = 5.0;
				TARGETED_DEVICE_FAMILY = 1;
			};
			name = Debug;
		};
		2DF1C3E827C913A600D665AB /* Release */ = {
			isa = XCBuildConfiguration;
			baseConfigurationReference = 88B2C63C7BD5DE4DBFE1EA42 /* Pods-Geo.release.xcconfig */;
			buildSettings = {
				ASSETCATALOG_COMPILER_APPICON_NAME = AppIcon;
				ASSETCATALOG_COMPILER_GLOBAL_ACCENT_COLOR_NAME = AccentColor;
				CODE_SIGN_STYLE = Automatic;
				CURRENT_PROJECT_VERSION = 1;
				DEVELOPMENT_TEAM = FJ44S5F9W6;
				GENERATE_INFOPLIST_FILE = YES;
				INFOPLIST_FILE = Geo/Info.plist;
				INFOPLIST_KEY_UIApplicationSupportsIndirectInputEvents = YES;
				INFOPLIST_KEY_UILaunchStoryboardName = LaunchScreen;
				INFOPLIST_KEY_UISupportedInterfaceOrientations = UIInterfaceOrientationPortrait;
				INFOPLIST_KEY_UISupportedInterfaceOrientations_iPad = "UIInterfaceOrientationPortrait UIInterfaceOrientationPortraitUpsideDown UIInterfaceOrientationLandscapeLeft UIInterfaceOrientationLandscapeRight";
				INFOPLIST_KEY_UISupportedInterfaceOrientations_iPhone = "UIInterfaceOrientationPortrait UIInterfaceOrientationLandscapeLeft UIInterfaceOrientationLandscapeRight";
				LD_RUNPATH_SEARCH_PATHS = (
					"$(inherited)",
					"@executable_path/Frameworks",
				);
				MARKETING_VERSION = 1.0;
				PRODUCT_BUNDLE_IDENTIFIER = com.damiandu.Geo;
				PRODUCT_NAME = "$(TARGET_NAME)";
				SWIFT_EMIT_LOC_STRINGS = YES;
				SWIFT_VERSION = 5.0;
				TARGETED_DEVICE_FAMILY = 1;
			};
			name = Release;
		};
/* End XCBuildConfiguration section */

/* Begin XCConfigurationList section */
		2DF1C3CD27C913A400D665AB /* Build configuration list for PBXProject "Geo" */ = {
			isa = XCConfigurationList;
			buildConfigurations = (
				2DF1C3E427C913A600D665AB /* Debug */,
				2DF1C3E527C913A600D665AB /* Release */,
			);
			defaultConfigurationIsVisible = 0;
			defaultConfigurationName = Release;
		};
		2DF1C3E627C913A600D665AB /* Build configuration list for PBXNativeTarget "Geo" */ = {
			isa = XCConfigurationList;
			buildConfigurations = (
				2DF1C3E727C913A600D665AB /* Debug */,
				2DF1C3E827C913A600D665AB /* Release */,
			);
			defaultConfigurationIsVisible = 0;
			defaultConfigurationName = Release;
		};
/* End XCConfigurationList section */
	};
	rootObject = 2DF1C3CA27C913A400D665AB /* Project object */;
}
